// !$*UTF8*$!
{
	archiveVersion = 1;
	classes = {
	};
	objectVersion = 46;
	objects = {

/* Begin PBXBuildFile section */
		A3B128791CAFB6E2005FBCB9 /* main.m in Sources */ = {isa = PBXBuildFile; fileRef = A3B128781CAFB6E2005FBCB9 /* main.m */; };
		A3B1287C1CAFB6E2005FBCB9 /* AppDelegate.m in Sources */ = {isa = PBXBuildFile; fileRef = A3B1287B1CAFB6E2005FBCB9 /* AppDelegate.m */; };
		A3B128821CAFB6E2005FBCB9 /* Main.storyboard in Resources */ = {isa = PBXBuildFile; fileRef = A3B128801CAFB6E2005FBCB9 /* Main.storyboard */; };
		A3B128851CAFB6E2005FBCB9 /* IAM_IOS_ObjectiveC.xcdatamodeld in Sources */ = {isa = PBXBuildFile; fileRef = A3B128831CAFB6E2005FBCB9 /* IAM_IOS_ObjectiveC.xcdatamodeld */; };
		A3B128871CAFB6E2005FBCB9 /* Assets.xcassets in Resources */ = {isa = PBXBuildFile; fileRef = A3B128861CAFB6E2005FBCB9 /* Assets.xcassets */; };
		A3B1288A1CAFB6E2005FBCB9 /* LaunchScreen.storyboard in Resources */ = {isa = PBXBuildFile; fileRef = A3B128881CAFB6E2005FBCB9 /* LaunchScreen.storyboard */; };
		A3B128951CAFB6E3005FBCB9 /* IAM_IOS_ObjectiveCTests.m in Sources */ = {isa = PBXBuildFile; fileRef = A3B128941CAFB6E3005FBCB9 /* IAM_IOS_ObjectiveCTests.m */; };
		A3B128A01CAFB6E3005FBCB9 /* IAM_IOS_ObjectiveCUITests.m in Sources */ = {isa = PBXBuildFile; fileRef = A3B1289F1CAFB6E3005FBCB9 /* IAM_IOS_ObjectiveCUITests.m */; };
		A3B128AE1CAFB886005FBCB9 /* CoreBluetooth.framework in Frameworks */ = {isa = PBXBuildFile; fileRef = A3B128AD1CAFB886005FBCB9 /* CoreBluetooth.framework */; };
		A3B128B11CB007DC005FBCB9 /* CentralViewController.m in Sources */ = {isa = PBXBuildFile; fileRef = A3B128B01CB007DC005FBCB9 /* CentralViewController.m */; };
		A3B128B41CB007EF005FBCB9 /* PeripheralViewController.m in Sources */ = {isa = PBXBuildFile; fileRef = A3B128B31CB007EF005FBCB9 /* PeripheralViewController.m */; };
		A3B128B71CB008A7005FBCB9 /* MenuViewController.m in Sources */ = {isa = PBXBuildFile; fileRef = A3B128B61CB008A7005FBCB9 /* MenuViewController.m */; };
		A3B128BA1CB01E8F005FBCB9 /* UIKit.framework in Frameworks */ = {isa = PBXBuildFile; fileRef = A3B128B91CB01E8F005FBCB9 /* UIKit.framework */; };
		A3B128BC1CB01E96005FBCB9 /* Foundation.framework in Frameworks */ = {isa = PBXBuildFile; fileRef = A3B128BB1CB01E96005FBCB9 /* Foundation.framework */; };
		A3B128BE1CB01E9C005FBCB9 /* CoreGraphics.framework in Frameworks */ = {isa = PBXBuildFile; fileRef = A3B128BD1CB01E9C005FBCB9 /* CoreGraphics.framework */; };
		A3B128E71CB141B4005FBCB9 /* Client.m in Sources */ = {isa = PBXBuildFile; fileRef = A3B128E61CB141B4005FBCB9 /* Client.m */; };
		A3B128EA1CB14528005FBCB9 /* NSData+Base64.m in Sources */ = {isa = PBXBuildFile; fileRef = A3B128E91CB14528005FBCB9 /* NSData+Base64.m */; };
		A3B128ED1CB15567005FBCB9 /* ClientList.m in Sources */ = {isa = PBXBuildFile; fileRef = A3B128EC1CB15567005FBCB9 /* ClientList.m */; };
		A3B128F11CB29315005FBCB9 /* SearchTableViewCell.m in Sources */ = {isa = PBXBuildFile; fileRef = A3B128EF1CB29315005FBCB9 /* SearchTableViewCell.m */; };
		A3B128F21CB29315005FBCB9 /* SearchTableViewCell.xib in Resources */ = {isa = PBXBuildFile; fileRef = A3B128F01CB29315005FBCB9 /* SearchTableViewCell.xib */; };
		A3B128F61CB296B5005FBCB9 /* Brief_profile.m in Sources */ = {isa = PBXBuildFile; fileRef = A3B128F51CB296B5005FBCB9 /* Brief_profile.m */; };
/* End PBXBuildFile section */

/* Begin PBXContainerItemProxy section */
		A3B128911CAFB6E3005FBCB9 /* PBXContainerItemProxy */ = {
			isa = PBXContainerItemProxy;
			containerPortal = A3B1286C1CAFB6E2005FBCB9 /* Project object */;
			proxyType = 1;
			remoteGlobalIDString = A3B128731CAFB6E2005FBCB9;
			remoteInfo = IAM_IOS_ObjectiveC;
		};
		A3B1289C1CAFB6E3005FBCB9 /* PBXContainerItemProxy */ = {
			isa = PBXContainerItemProxy;
			containerPortal = A3B1286C1CAFB6E2005FBCB9 /* Project object */;
			proxyType = 1;
			remoteGlobalIDString = A3B128731CAFB6E2005FBCB9;
			remoteInfo = IAM_IOS_ObjectiveC;
		};
/* End PBXContainerItemProxy section */

/* Begin PBXFileReference section */
		A3B128741CAFB6E2005FBCB9 /* IAM_IOS_ObjectiveC.app */ = {isa = PBXFileReference; explicitFileType = wrapper.application; includeInIndex = 0; path = IAM_IOS_ObjectiveC.app; sourceTree = BUILT_PRODUCTS_DIR; };
		A3B128781CAFB6E2005FBCB9 /* main.m */ = {isa = PBXFileReference; lastKnownFileType = sourcecode.c.objc; path = main.m; sourceTree = "<group>"; };
		A3B1287A1CAFB6E2005FBCB9 /* AppDelegate.h */ = {isa = PBXFileReference; lastKnownFileType = sourcecode.c.h; path = AppDelegate.h; sourceTree = "<group>"; };
		A3B1287B1CAFB6E2005FBCB9 /* AppDelegate.m */ = {isa = PBXFileReference; lastKnownFileType = sourcecode.c.objc; path = AppDelegate.m; sourceTree = "<group>"; };
		A3B128811CAFB6E2005FBCB9 /* Base */ = {isa = PBXFileReference; lastKnownFileType = file.storyboard; name = Base; path = Base.lproj/Main.storyboard; sourceTree = "<group>"; };
		A3B128841CAFB6E2005FBCB9 /* IAM_IOS_ObjectiveC.xcdatamodel */ = {isa = PBXFileReference; lastKnownFileType = wrapper.xcdatamodel; path = IAM_IOS_ObjectiveC.xcdatamodel; sourceTree = "<group>"; };
		A3B128861CAFB6E2005FBCB9 /* Assets.xcassets */ = {isa = PBXFileReference; lastKnownFileType = folder.assetcatalog; path = Assets.xcassets; sourceTree = "<group>"; };
		A3B128891CAFB6E2005FBCB9 /* Base */ = {isa = PBXFileReference; lastKnownFileType = file.storyboard; name = Base; path = Base.lproj/LaunchScreen.storyboard; sourceTree = "<group>"; };
		A3B1288B1CAFB6E2005FBCB9 /* Info.plist */ = {isa = PBXFileReference; lastKnownFileType = text.plist.xml; path = Info.plist; sourceTree = "<group>"; };
		A3B128901CAFB6E3005FBCB9 /* IAM_IOS_ObjectiveCTests.xctest */ = {isa = PBXFileReference; explicitFileType = wrapper.cfbundle; includeInIndex = 0; path = IAM_IOS_ObjectiveCTests.xctest; sourceTree = BUILT_PRODUCTS_DIR; };
		A3B128941CAFB6E3005FBCB9 /* IAM_IOS_ObjectiveCTests.m */ = {isa = PBXFileReference; lastKnownFileType = sourcecode.c.objc; path = IAM_IOS_ObjectiveCTests.m; sourceTree = "<group>"; };
		A3B128961CAFB6E3005FBCB9 /* Info.plist */ = {isa = PBXFileReference; lastKnownFileType = text.plist.xml; path = Info.plist; sourceTree = "<group>"; };
		A3B1289B1CAFB6E3005FBCB9 /* IAM_IOS_ObjectiveCUITests.xctest */ = {isa = PBXFileReference; explicitFileType = wrapper.cfbundle; includeInIndex = 0; path = IAM_IOS_ObjectiveCUITests.xctest; sourceTree = BUILT_PRODUCTS_DIR; };
		A3B1289F1CAFB6E3005FBCB9 /* IAM_IOS_ObjectiveCUITests.m */ = {isa = PBXFileReference; lastKnownFileType = sourcecode.c.objc; path = IAM_IOS_ObjectiveCUITests.m; sourceTree = "<group>"; };
		A3B128A11CAFB6E3005FBCB9 /* Info.plist */ = {isa = PBXFileReference; lastKnownFileType = text.plist.xml; path = Info.plist; sourceTree = "<group>"; };
		A3B128AD1CAFB886005FBCB9 /* CoreBluetooth.framework */ = {isa = PBXFileReference; lastKnownFileType = wrapper.framework; name = CoreBluetooth.framework; path = System/Library/Frameworks/CoreBluetooth.framework; sourceTree = SDKROOT; };
		A3B128AF1CB007DC005FBCB9 /* CentralViewController.h */ = {isa = PBXFileReference; fileEncoding = 4; lastKnownFileType = sourcecode.c.h; path = CentralViewController.h; sourceTree = "<group>"; };
		A3B128B01CB007DC005FBCB9 /* CentralViewController.m */ = {isa = PBXFileReference; fileEncoding = 4; lastKnownFileType = sourcecode.c.objc; path = CentralViewController.m; sourceTree = "<group>"; };
		A3B128B21CB007EF005FBCB9 /* PeripheralViewController.h */ = {isa = PBXFileReference; fileEncoding = 4; lastKnownFileType = sourcecode.c.h; path = PeripheralViewController.h; sourceTree = "<group>"; };
		A3B128B31CB007EF005FBCB9 /* PeripheralViewController.m */ = {isa = PBXFileReference; fileEncoding = 4; lastKnownFileType = sourcecode.c.objc; path = PeripheralViewController.m; sourceTree = "<group>"; };
		A3B128B51CB008A7005FBCB9 /* MenuViewController.h */ = {isa = PBXFileReference; fileEncoding = 4; lastKnownFileType = sourcecode.c.h; path = MenuViewController.h; sourceTree = "<group>"; };
		A3B128B61CB008A7005FBCB9 /* MenuViewController.m */ = {isa = PBXFileReference; fileEncoding = 4; lastKnownFileType = sourcecode.c.objc; path = MenuViewController.m; sourceTree = "<group>"; };
		A3B128B81CB009B3005FBCB9 /* UUID_Define.h */ = {isa = PBXFileReference; lastKnownFileType = sourcecode.c.h; path = UUID_Define.h; sourceTree = "<group>"; };
		A3B128B91CB01E8F005FBCB9 /* UIKit.framework */ = {isa = PBXFileReference; lastKnownFileType = wrapper.framework; name = UIKit.framework; path = System/Library/Frameworks/UIKit.framework; sourceTree = SDKROOT; };
		A3B128BB1CB01E96005FBCB9 /* Foundation.framework */ = {isa = PBXFileReference; lastKnownFileType = wrapper.framework; name = Foundation.framework; path = System/Library/Frameworks/Foundation.framework; sourceTree = SDKROOT; };
		A3B128BD1CB01E9C005FBCB9 /* CoreGraphics.framework */ = {isa = PBXFileReference; lastKnownFileType = wrapper.framework; name = CoreGraphics.framework; path = System/Library/Frameworks/CoreGraphics.framework; sourceTree = SDKROOT; };
		A3B128C11CB01EB4005FBCB9 /* IAM_IOS_ObjectiveC.entitlements */ = {isa = PBXFileReference; lastKnownFileType = text.xml; path = IAM_IOS_ObjectiveC.entitlements; sourceTree = "<group>"; };
		A3B128E51CB141B4005FBCB9 /* Client.h */ = {isa = PBXFileReference; fileEncoding = 4; lastKnownFileType = sourcecode.c.h; path = Client.h; sourceTree = "<group>"; };
		A3B128E61CB141B4005FBCB9 /* Client.m */ = {isa = PBXFileReference; fileEncoding = 4; lastKnownFileType = sourcecode.c.objc; path = Client.m; sourceTree = "<group>"; };
		A3B128E81CB14528005FBCB9 /* NSData+Base64.h */ = {isa = PBXFileReference; fileEncoding = 4; lastKnownFileType = sourcecode.c.h; path = "NSData+Base64.h"; sourceTree = "<group>"; };
		A3B128E91CB14528005FBCB9 /* NSData+Base64.m */ = {isa = PBXFileReference; fileEncoding = 4; lastKnownFileType = sourcecode.c.objc; path = "NSData+Base64.m"; sourceTree = "<group>"; };
		A3B128EB1CB15567005FBCB9 /* ClientList.h */ = {isa = PBXFileReference; fileEncoding = 4; lastKnownFileType = sourcecode.c.h; path = ClientList.h; sourceTree = "<group>"; };
		A3B128EC1CB15567005FBCB9 /* ClientList.m */ = {isa = PBXFileReference; fileEncoding = 4; lastKnownFileType = sourcecode.c.objc; path = ClientList.m; sourceTree = "<group>"; };
		A3B128EE1CB29315005FBCB9 /* SearchTableViewCell.h */ = {isa = PBXFileReference; fileEncoding = 4; lastKnownFileType = sourcecode.c.h; path = SearchTableViewCell.h; sourceTree = "<group>"; };
		A3B128EF1CB29315005FBCB9 /* SearchTableViewCell.m */ = {isa = PBXFileReference; fileEncoding = 4; lastKnownFileType = sourcecode.c.objc; path = SearchTableViewCell.m; sourceTree = "<group>"; };
		A3B128F01CB29315005FBCB9 /* SearchTableViewCell.xib */ = {isa = PBXFileReference; fileEncoding = 4; lastKnownFileType = file.xib; path = SearchTableViewCell.xib; sourceTree = "<group>"; };
		A3B128F41CB296B5005FBCB9 /* Brief_profile.h */ = {isa = PBXFileReference; fileEncoding = 4; lastKnownFileType = sourcecode.c.h; path = Brief_profile.h; sourceTree = "<group>"; };
		A3B128F51CB296B5005FBCB9 /* Brief_profile.m */ = {isa = PBXFileReference; fileEncoding = 4; lastKnownFileType = sourcecode.c.objc; path = Brief_profile.m; sourceTree = "<group>"; };
/* End PBXFileReference section */

/* Begin PBXFrameworksBuildPhase section */
		A3B128711CAFB6E2005FBCB9 /* Frameworks */ = {
			isa = PBXFrameworksBuildPhase;
			buildActionMask = 2147483647;
			files = (
				A3B128BE1CB01E9C005FBCB9 /* CoreGraphics.framework in Frameworks */,
				A3B128BC1CB01E96005FBCB9 /* Foundation.framework in Frameworks */,
				A3B128BA1CB01E8F005FBCB9 /* UIKit.framework in Frameworks */,
				A3B128AE1CAFB886005FBCB9 /* CoreBluetooth.framework in Frameworks */,
			);
			runOnlyForDeploymentPostprocessing = 0;
		};
		A3B1288D1CAFB6E3005FBCB9 /* Frameworks */ = {
			isa = PBXFrameworksBuildPhase;
			buildActionMask = 2147483647;
			files = (
			);
			runOnlyForDeploymentPostprocessing = 0;
		};
		A3B128981CAFB6E3005FBCB9 /* Frameworks */ = {
			isa = PBXFrameworksBuildPhase;
			buildActionMask = 2147483647;
			files = (
			);
			runOnlyForDeploymentPostprocessing = 0;
		};
/* End PBXFrameworksBuildPhase section */

/* Begin PBXGroup section */
		A3B1286B1CAFB6E2005FBCB9 = {
			isa = PBXGroup;
			children = (
				A3B128AD1CAFB886005FBCB9 /* CoreBluetooth.framework */,
				A3B128BD1CB01E9C005FBCB9 /* CoreGraphics.framework */,
				A3B128BB1CB01E96005FBCB9 /* Foundation.framework */,
				A3B128B91CB01E8F005FBCB9 /* UIKit.framework */,
				A3B128761CAFB6E2005FBCB9 /* IAM_IOS_ObjectiveC */,
				A3B128931CAFB6E3005FBCB9 /* IAM_IOS_ObjectiveCTests */,
				A3B1289E1CAFB6E3005FBCB9 /* IAM_IOS_ObjectiveCUITests */,
				A3B128751CAFB6E2005FBCB9 /* Products */,
			);
			sourceTree = "<group>";
		};
		A3B128751CAFB6E2005FBCB9 /* Products */ = {
			isa = PBXGroup;
			children = (
				A3B128741CAFB6E2005FBCB9 /* IAM_IOS_ObjectiveC.app */,
				A3B128901CAFB6E3005FBCB9 /* IAM_IOS_ObjectiveCTests.xctest */,
				A3B1289B1CAFB6E3005FBCB9 /* IAM_IOS_ObjectiveCUITests.xctest */,
			);
			name = Products;
			sourceTree = "<group>";
		};
		A3B128761CAFB6E2005FBCB9 /* IAM_IOS_ObjectiveC */ = {
			isa = PBXGroup;
			children = (
				A3B128C11CB01EB4005FBCB9 /* IAM_IOS_ObjectiveC.entitlements */,
				A3B128B81CB009B3005FBCB9 /* UUID_Define.h */,
				A3B1287A1CAFB6E2005FBCB9 /* AppDelegate.h */,
				A3B1287B1CAFB6E2005FBCB9 /* AppDelegate.m */,
				A3B128801CAFB6E2005FBCB9 /* Main.storyboard */,
				A3B128B51CB008A7005FBCB9 /* MenuViewController.h */,
				A3B128B61CB008A7005FBCB9 /* MenuViewController.m */,
				A3B128AF1CB007DC005FBCB9 /* CentralViewController.h */,
				A3B128B01CB007DC005FBCB9 /* CentralViewController.m */,
				A3B128B21CB007EF005FBCB9 /* PeripheralViewController.h */,
				A3B128B31CB007EF005FBCB9 /* PeripheralViewController.m */,
				A3B128861CAFB6E2005FBCB9 /* Assets.xcassets */,
				A3B128881CAFB6E2005FBCB9 /* LaunchScreen.storyboard */,
				A3B1288B1CAFB6E2005FBCB9 /* Info.plist */,
				A3B128831CAFB6E2005FBCB9 /* IAM_IOS_ObjectiveC.xcdatamodeld */,
				A3B128771CAFB6E2005FBCB9 /* Supporting Files */,
				A3B128EE1CB29315005FBCB9 /* SearchTableViewCell.h */,
				A3B128EF1CB29315005FBCB9 /* SearchTableViewCell.m */,
				A3B128F01CB29315005FBCB9 /* SearchTableViewCell.xib */,
				A3B128F41CB296B5005FBCB9 /* Brief_profile.h */,
				A3B128F51CB296B5005FBCB9 /* Brief_profile.m */,
			);
			path = IAM_IOS_ObjectiveC;
			sourceTree = "<group>";
		};
		A3B128771CAFB6E2005FBCB9 /* Supporting Files */ = {
			isa = PBXGroup;
			children = (
				A3B128781CAFB6E2005FBCB9 /* main.m */,
				A3B128EB1CB15567005FBCB9 /* ClientList.h */,
				A3B128EC1CB15567005FBCB9 /* ClientList.m */,
				A3B128E51CB141B4005FBCB9 /* Client.h */,
				A3B128E61CB141B4005FBCB9 /* Client.m */,
				A3B128E81CB14528005FBCB9 /* NSData+Base64.h */,
				A3B128E91CB14528005FBCB9 /* NSData+Base64.m */,
			);
			name = "Supporting Files";
			sourceTree = "<group>";
		};
		A3B128931CAFB6E3005FBCB9 /* IAM_IOS_ObjectiveCTests */ = {
			isa = PBXGroup;
			children = (
				A3B128941CAFB6E3005FBCB9 /* IAM_IOS_ObjectiveCTests.m */,
				A3B128961CAFB6E3005FBCB9 /* Info.plist */,
			);
			path = IAM_IOS_ObjectiveCTests;
			sourceTree = "<group>";
		};
		A3B1289E1CAFB6E3005FBCB9 /* IAM_IOS_ObjectiveCUITests */ = {
			isa = PBXGroup;
			children = (
				A3B1289F1CAFB6E3005FBCB9 /* IAM_IOS_ObjectiveCUITests.m */,
				A3B128A11CAFB6E3005FBCB9 /* Info.plist */,
			);
			path = IAM_IOS_ObjectiveCUITests;
			sourceTree = "<group>";
		};
/* End PBXGroup section */

/* Begin PBXNativeTarget section */
		A3B128731CAFB6E2005FBCB9 /* IAM_IOS_ObjectiveC */ = {
			isa = PBXNativeTarget;
			buildConfigurationList = A3B128A41CAFB6E3005FBCB9 /* Build configuration list for PBXNativeTarget "IAM_IOS_ObjectiveC" */;
			buildPhases = (
				A3B128701CAFB6E2005FBCB9 /* Sources */,
				A3B128711CAFB6E2005FBCB9 /* Frameworks */,
				A3B128721CAFB6E2005FBCB9 /* Resources */,
			);
			buildRules = (
			);
			dependencies = (
			);
			name = IAM_IOS_ObjectiveC;
			productName = IAM_IOS_ObjectiveC;
			productReference = A3B128741CAFB6E2005FBCB9 /* IAM_IOS_ObjectiveC.app */;
			productType = "com.apple.product-type.application";
		};
		A3B1288F1CAFB6E3005FBCB9 /* IAM_IOS_ObjectiveCTests */ = {
			isa = PBXNativeTarget;
			buildConfigurationList = A3B128A71CAFB6E3005FBCB9 /* Build configuration list for PBXNativeTarget "IAM_IOS_ObjectiveCTests" */;
			buildPhases = (
				A3B1288C1CAFB6E3005FBCB9 /* Sources */,
				A3B1288D1CAFB6E3005FBCB9 /* Frameworks */,
				A3B1288E1CAFB6E3005FBCB9 /* Resources */,
			);
			buildRules = (
			);
			dependencies = (
				A3B128921CAFB6E3005FBCB9 /* PBXTargetDependency */,
			);
			name = IAM_IOS_ObjectiveCTests;
			productName = IAM_IOS_ObjectiveCTests;
			productReference = A3B128901CAFB6E3005FBCB9 /* IAM_IOS_ObjectiveCTests.xctest */;
			productType = "com.apple.product-type.bundle.unit-test";
		};
		A3B1289A1CAFB6E3005FBCB9 /* IAM_IOS_ObjectiveCUITests */ = {
			isa = PBXNativeTarget;
			buildConfigurationList = A3B128AA1CAFB6E3005FBCB9 /* Build configuration list for PBXNativeTarget "IAM_IOS_ObjectiveCUITests" */;
			buildPhases = (
				A3B128971CAFB6E3005FBCB9 /* Sources */,
				A3B128981CAFB6E3005FBCB9 /* Frameworks */,
				A3B128991CAFB6E3005FBCB9 /* Resources */,
			);
			buildRules = (
			);
			dependencies = (
				A3B1289D1CAFB6E3005FBCB9 /* PBXTargetDependency */,
			);
			name = IAM_IOS_ObjectiveCUITests;
			productName = IAM_IOS_ObjectiveCUITests;
			productReference = A3B1289B1CAFB6E3005FBCB9 /* IAM_IOS_ObjectiveCUITests.xctest */;
			productType = "com.apple.product-type.bundle.ui-testing";
		};
/* End PBXNativeTarget section */

/* Begin PBXProject section */
		A3B1286C1CAFB6E2005FBCB9 /* Project object */ = {
			isa = PBXProject;
			attributes = {
				LastUpgradeCheck = 0730;
				ORGANIZATIONNAME = KMK;
				TargetAttributes = {
					A3B128731CAFB6E2005FBCB9 = {
						CreatedOnToolsVersion = 7.3;
						DevelopmentTeam = B6WULSG6KC;
						SystemCapabilities = {
							com.apple.BackgroundModes = {
								enabled = 1;
							};
							com.apple.WAC = {
								enabled = 0;
							};
						};
					};
					A3B1288F1CAFB6E3005FBCB9 = {
						CreatedOnToolsVersion = 7.3;
						TestTargetID = A3B128731CAFB6E2005FBCB9;
					};
					A3B1289A1CAFB6E3005FBCB9 = {
						CreatedOnToolsVersion = 7.3;
						TestTargetID = A3B128731CAFB6E2005FBCB9;
					};
				};
			};
			buildConfigurationList = A3B1286F1CAFB6E2005FBCB9 /* Build configuration list for PBXProject "IAM_IOS_ObjectiveC" */;
			compatibilityVersion = "Xcode 3.2";
			developmentRegion = English;
			hasScannedForEncodings = 0;
			knownRegions = (
				en,
				Base,
			);
			mainGroup = A3B1286B1CAFB6E2005FBCB9;
			productRefGroup = A3B128751CAFB6E2005FBCB9 /* Products */;
			projectDirPath = "";
			projectRoot = "";
			targets = (
				A3B128731CAFB6E2005FBCB9 /* IAM_IOS_ObjectiveC */,
				A3B1288F1CAFB6E3005FBCB9 /* IAM_IOS_ObjectiveCTests */,
				A3B1289A1CAFB6E3005FBCB9 /* IAM_IOS_ObjectiveCUITests */,
			);
		};
/* End PBXProject section */

/* Begin PBXResourcesBuildPhase section */
		A3B128721CAFB6E2005FBCB9 /* Resources */ = {
			isa = PBXResourcesBuildPhase;
			buildActionMask = 2147483647;
			files = (
				A3B1288A1CAFB6E2005FBCB9 /* LaunchScreen.storyboard in Resources */,
				A3B128F21CB29315005FBCB9 /* SearchTableViewCell.xib in Resources */,
				A3B128871CAFB6E2005FBCB9 /* Assets.xcassets in Resources */,
				A3B128821CAFB6E2005FBCB9 /* Main.storyboard in Resources */,
			);
			runOnlyForDeploymentPostprocessing = 0;
		};
		A3B1288E1CAFB6E3005FBCB9 /* Resources */ = {
			isa = PBXResourcesBuildPhase;
			buildActionMask = 2147483647;
			files = (
			);
			runOnlyForDeploymentPostprocessing = 0;
		};
		A3B128991CAFB6E3005FBCB9 /* Resources */ = {
			isa = PBXResourcesBuildPhase;
			buildActionMask = 2147483647;
			files = (
			);
			runOnlyForDeploymentPostprocessing = 0;
		};
/* End PBXResourcesBuildPhase section */

/* Begin PBXSourcesBuildPhase section */
		A3B128701CAFB6E2005FBCB9 /* Sources */ = {
			isa = PBXSourcesBuildPhase;
			buildActionMask = 2147483647;
			files = (
				A3B128851CAFB6E2005FBCB9 /* IAM_IOS_ObjectiveC.xcdatamodeld in Sources */,
				A3B128ED1CB15567005FBCB9 /* ClientList.m in Sources */,
				A3B128B71CB008A7005FBCB9 /* MenuViewController.m in Sources */,
				A3B128F61CB296B5005FBCB9 /* Brief_profile.m in Sources */,
				A3B1287C1CAFB6E2005FBCB9 /* AppDelegate.m in Sources */,
				A3B128B11CB007DC005FBCB9 /* CentralViewController.m in Sources */,
				A3B128B41CB007EF005FBCB9 /* PeripheralViewController.m in Sources */,
				A3B128EA1CB14528005FBCB9 /* NSData+Base64.m in Sources */,
				A3B128791CAFB6E2005FBCB9 /* main.m in Sources */,
				A3B128E71CB141B4005FBCB9 /* Client.m in Sources */,
				A3B128F11CB29315005FBCB9 /* SearchTableViewCell.m in Sources */,
			);
			runOnlyForDeploymentPostprocessing = 0;
		};
		A3B1288C1CAFB6E3005FBCB9 /* Sources */ = {
			isa = PBXSourcesBuildPhase;
			buildActionMask = 2147483647;
			files = (
				A3B128951CAFB6E3005FBCB9 /* IAM_IOS_ObjectiveCTests.m in Sources */,
			);
			runOnlyForDeploymentPostprocessing = 0;
		};
		A3B128971CAFB6E3005FBCB9 /* Sources */ = {
			isa = PBXSourcesBuildPhase;
			buildActionMask = 2147483647;
			files = (
				A3B128A01CAFB6E3005FBCB9 /* IAM_IOS_ObjectiveCUITests.m in Sources */,
			);
			runOnlyForDeploymentPostprocessing = 0;
		};
/* End PBXSourcesBuildPhase section */

/* Begin PBXTargetDependency section */
		A3B128921CAFB6E3005FBCB9 /* PBXTargetDependency */ = {
			isa = PBXTargetDependency;
			target = A3B128731CAFB6E2005FBCB9 /* IAM_IOS_ObjectiveC */;
			targetProxy = A3B128911CAFB6E3005FBCB9 /* PBXContainerItemProxy */;
		};
		A3B1289D1CAFB6E3005FBCB9 /* PBXTargetDependency */ = {
			isa = PBXTargetDependency;
			target = A3B128731CAFB6E2005FBCB9 /* IAM_IOS_ObjectiveC */;
			targetProxy = A3B1289C1CAFB6E3005FBCB9 /* PBXContainerItemProxy */;
		};
/* End PBXTargetDependency section */

/* Begin PBXVariantGroup section */
		A3B128801CAFB6E2005FBCB9 /* Main.storyboard */ = {
			isa = PBXVariantGroup;
			children = (
				A3B128811CAFB6E2005FBCB9 /* Base */,
			);
			name = Main.storyboard;
			sourceTree = "<group>";
		};
		A3B128881CAFB6E2005FBCB9 /* LaunchScreen.storyboard */ = {
			isa = PBXVariantGroup;
			children = (
				A3B128891CAFB6E2005FBCB9 /* Base */,
			);
			name = LaunchScreen.storyboard;
			sourceTree = "<group>";
		};
/* End PBXVariantGroup section */

/* Begin XCBuildConfiguration section */
		A3B128A21CAFB6E3005FBCB9 /* Debug */ = {
			isa = XCBuildConfiguration;
			buildSettings = {
				ALWAYS_SEARCH_USER_PATHS = NO;
				CLANG_ANALYZER_NONNULL = YES;
				CLANG_CXX_LANGUAGE_STANDARD = "gnu++0x";
				CLANG_CXX_LIBRARY = "libc++";
				CLANG_ENABLE_MODULES = YES;
				CLANG_ENABLE_OBJC_ARC = YES;
				CLANG_WARN_BOOL_CONVERSION = YES;
				CLANG_WARN_CONSTANT_CONVERSION = YES;
				CLANG_WARN_DIRECT_OBJC_ISA_USAGE = YES_ERROR;
				CLANG_WARN_EMPTY_BODY = YES;
				CLANG_WARN_ENUM_CONVERSION = YES;
				CLANG_WARN_INT_CONVERSION = YES;
				CLANG_WARN_OBJC_ROOT_CLASS = YES_ERROR;
				CLANG_WARN_UNREACHABLE_CODE = YES;
				CLANG_WARN__DUPLICATE_METHOD_MATCH = YES;
				"CODE_SIGN_IDENTITY[sdk=iphoneos*]" = "iPhone Developer";
				COPY_PHASE_STRIP = NO;
				DEBUG_INFORMATION_FORMAT = dwarf;
				ENABLE_STRICT_OBJC_MSGSEND = YES;
				ENABLE_TESTABILITY = YES;
				GCC_C_LANGUAGE_STANDARD = gnu99;
				GCC_DYNAMIC_NO_PIC = NO;
				GCC_NO_COMMON_BLOCKS = YES;
				GCC_OPTIMIZATION_LEVEL = 0;
				GCC_PREPROCESSOR_DEFINITIONS = (
					"DEBUG=1",
					"$(inherited)",
				);
				GCC_WARN_64_TO_32_BIT_CONVERSION = YES;
				GCC_WARN_ABOUT_RETURN_TYPE = YES_ERROR;
				GCC_WARN_UNDECLARED_SELECTOR = YES;
				GCC_WARN_UNINITIALIZED_AUTOS = YES_AGGRESSIVE;
				GCC_WARN_UNUSED_FUNCTION = YES;
				GCC_WARN_UNUSED_VARIABLE = YES;
				IPHONEOS_DEPLOYMENT_TARGET = 9.3;
				MTL_ENABLE_DEBUG_INFO = YES;
				ONLY_ACTIVE_ARCH = YES;
				SDKROOT = iphoneos;
			};
			name = Debug;
		};
		A3B128A31CAFB6E3005FBCB9 /* Release */ = {
			isa = XCBuildConfiguration;
			buildSettings = {
				ALWAYS_SEARCH_USER_PATHS = NO;
				CLANG_ANALYZER_NONNULL = YES;
				CLANG_CXX_LANGUAGE_STANDARD = "gnu++0x";
				CLANG_CXX_LIBRARY = "libc++";
				CLANG_ENABLE_MODULES = YES;
				CLANG_ENABLE_OBJC_ARC = YES;
				CLANG_WARN_BOOL_CONVERSION = YES;
				CLANG_WARN_CONSTANT_CONVERSION = YES;
				CLANG_WARN_DIRECT_OBJC_ISA_USAGE = YES_ERROR;
				CLANG_WARN_EMPTY_BODY = YES;
				CLANG_WARN_ENUM_CONVERSION = YES;
				CLANG_WARN_INT_CONVERSION = YES;
				CLANG_WARN_OBJC_ROOT_CLASS = YES_ERROR;
				CLANG_WARN_UNREACHABLE_CODE = YES;
				CLANG_WARN__DUPLICATE_METHOD_MATCH = YES;
				"CODE_SIGN_IDENTITY[sdk=iphoneos*]" = "iPhone Developer";
				COPY_PHASE_STRIP = NO;
				DEBUG_INFORMATION_FORMAT = "dwarf-with-dsym";
				ENABLE_NS_ASSERTIONS = NO;
				ENABLE_STRICT_OBJC_MSGSEND = YES;
				GCC_C_LANGUAGE_STANDARD = gnu99;
				GCC_NO_COMMON_BLOCKS = YES;
				GCC_WARN_64_TO_32_BIT_CONVERSION = YES;
				GCC_WARN_ABOUT_RETURN_TYPE = YES_ERROR;
				GCC_WARN_UNDECLARED_SELECTOR = YES;
				GCC_WARN_UNINITIALIZED_AUTOS = YES_AGGRESSIVE;
				GCC_WARN_UNUSED_FUNCTION = YES;
				GCC_WARN_UNUSED_VARIABLE = YES;
				IPHONEOS_DEPLOYMENT_TARGET = 9.3;
				MTL_ENABLE_DEBUG_INFO = NO;
				SDKROOT = iphoneos;
				VALIDATE_PRODUCT = YES;
			};
			name = Release;
		};
		A3B128A51CAFB6E3005FBCB9 /* Debug */ = {
			isa = XCBuildConfiguration;
			buildSettings = {
				ASSETCATALOG_COMPILER_APPICON_NAME = AppIcon;
				CLANG_ENABLE_MODULES = YES;
				CODE_SIGN_IDENTITY = "iPhone Developer";
				INFOPLIST_FILE = IAM_IOS_ObjectiveC/Info.plist;
				LD_RUNPATH_SEARCH_PATHS = "$(inherited) @executable_path/Frameworks";
				PRODUCT_BUNDLE_IDENTIFIER = Minkyu.IOS;
				PRODUCT_NAME = "$(TARGET_NAME)";
				SWIFT_OBJC_BRIDGING_HEADER = "";
				SWIFT_OPTIMIZATION_LEVEL = "-Onone";
			};
			name = Debug;
		};
		A3B128A61CAFB6E3005FBCB9 /* Release */ = {
			isa = XCBuildConfiguration;
			buildSettings = {
				ASSETCATALOG_COMPILER_APPICON_NAME = AppIcon;
				CLANG_ENABLE_MODULES = YES;
				CODE_SIGN_IDENTITY = "iPhone Developer";
				INFOPLIST_FILE = IAM_IOS_ObjectiveC/Info.plist;
				LD_RUNPATH_SEARCH_PATHS = "$(inherited) @executable_path/Frameworks";
				PRODUCT_BUNDLE_IDENTIFIER = Minkyu.IOS;
				PRODUCT_NAME = "$(TARGET_NAME)";
				SWIFT_OBJC_BRIDGING_HEADER = "";
			};
			name = Release;
		};
		A3B128A81CAFB6E3005FBCB9 /* Debug */ = {
			isa = XCBuildConfiguration;
			buildSettings = {
				BUNDLE_LOADER = "$(TEST_HOST)";
				INFOPLIST_FILE = IAM_IOS_ObjectiveCTests/Info.plist;
				LD_RUNPATH_SEARCH_PATHS = "$(inherited) @executable_path/Frameworks @loader_path/Frameworks";
				PRODUCT_BUNDLE_IDENTIFIER = "mobile.IAM-IOS-ObjectiveCTests";
				PRODUCT_NAME = "$(TARGET_NAME)";
				TEST_HOST = "$(BUILT_PRODUCTS_DIR)/IAM_IOS_ObjectiveC.app/IAM_IOS_ObjectiveC";
			};
			name = Debug;
		};
		A3B128A91CAFB6E3005FBCB9 /* Release */ = {
			isa = XCBuildConfiguration;
			buildSettings = {
				BUNDLE_LOADER = "$(TEST_HOST)";
				INFOPLIST_FILE = IAM_IOS_ObjectiveCTests/Info.plist;
				LD_RUNPATH_SEARCH_PATHS = "$(inherited) @executable_path/Frameworks @loader_path/Frameworks";
				PRODUCT_BUNDLE_IDENTIFIER = "mobile.IAM-IOS-ObjectiveCTests";
				PRODUCT_NAME = "$(TARGET_NAME)";
				TEST_HOST = "$(BUILT_PRODUCTS_DIR)/IAM_IOS_ObjectiveC.app/IAM_IOS_ObjectiveC";
			};
			name = Release;
		};
		A3B128AB1CAFB6E3005FBCB9 /* Debug */ = {
			isa = XCBuildConfiguration;
			buildSettings = {
				INFOPLIST_FILE = IAM_IOS_ObjectiveCUITests/Info.plist;
				LD_RUNPATH_SEARCH_PATHS = "$(inherited) @executable_path/Frameworks @loader_path/Frameworks";
				PRODUCT_BUNDLE_IDENTIFIER = "mobile.IAM-IOS-ObjectiveCUITests";
				PRODUCT_NAME = "$(TARGET_NAME)";
				TEST_TARGET_NAME = IAM_IOS_ObjectiveC;
			};
			name = Debug;
		};
		A3B128AC1CAFB6E3005FBCB9 /* Release */ = {
			isa = XCBuildConfiguration;
			buildSettings = {
				INFOPLIST_FILE = IAM_IOS_ObjectiveCUITests/Info.plist;
				LD_RUNPATH_SEARCH_PATHS = "$(inherited) @executable_path/Frameworks @loader_path/Frameworks";
				PRODUCT_BUNDLE_IDENTIFIER = "mobile.IAM-IOS-ObjectiveCUITests";
				PRODUCT_NAME = "$(TARGET_NAME)";
				TEST_TARGET_NAME = IAM_IOS_ObjectiveC;
			};
			name = Release;
		};
/* End XCBuildConfiguration section */

/* Begin XCConfigurationList section */
		A3B1286F1CAFB6E2005FBCB9 /* Build configuration list for PBXProject "IAM_IOS_ObjectiveC" */ = {
			isa = XCConfigurationList;
			buildConfigurations = (
				A3B128A21CAFB6E3005FBCB9 /* Debug */,
				A3B128A31CAFB6E3005FBCB9 /* Release */,
			);
			defaultConfigurationIsVisible = 0;
			defaultConfigurationName = Release;
		};
		A3B128A41CAFB6E3005FBCB9 /* Build configuration list for PBXNativeTarget "IAM_IOS_ObjectiveC" */ = {
			isa = XCConfigurationList;
			buildConfigurations = (
				A3B128A51CAFB6E3005FBCB9 /* Debug */,
				A3B128A61CAFB6E3005FBCB9 /* Release */,
			);
			defaultConfigurationIsVisible = 0;
			defaultConfigurationName = Release;
		};
		A3B128A71CAFB6E3005FBCB9 /* Build configuration list for PBXNativeTarget "IAM_IOS_ObjectiveCTests" */ = {
			isa = XCConfigurationList;
			buildConfigurations = (
				A3B128A81CAFB6E3005FBCB9 /* Debug */,
				A3B128A91CAFB6E3005FBCB9 /* Release */,
			);
			defaultConfigurationIsVisible = 0;
			defaultConfigurationName = Release;
		};
		A3B128AA1CAFB6E3005FBCB9 /* Build configuration list for PBXNativeTarget "IAM_IOS_ObjectiveCUITests" */ = {
			isa = XCConfigurationList;
			buildConfigurations = (
				A3B128AB1CAFB6E3005FBCB9 /* Debug */,
				A3B128AC1CAFB6E3005FBCB9 /* Release */,
			);
			defaultConfigurationIsVisible = 0;
			defaultConfigurationName = Release;
		};
/* End XCConfigurationList section */

/* Begin XCVersionGroup section */
		A3B128831CAFB6E2005FBCB9 /* IAM_IOS_ObjectiveC.xcdatamodeld */ = {
			isa = XCVersionGroup;
			children = (
				A3B128841CAFB6E2005FBCB9 /* IAM_IOS_ObjectiveC.xcdatamodel */,
			);
			currentVersion = A3B128841CAFB6E2005FBCB9 /* IAM_IOS_ObjectiveC.xcdatamodel */;
			path = IAM_IOS_ObjectiveC.xcdatamodeld;
			sourceTree = "<group>";
			versionGroupType = wrapper.xcdatamodel;
		};
/* End XCVersionGroup section */
	};
	rootObject = A3B1286C1CAFB6E2005FBCB9 /* Project object */;
}
